
Microsoft Visual Studio Solution File, Format Version 12.00
#
Project("{2150E333-8FDC-42A3-9474-1A3956D46DE8}") = "Payment", "Payment", "{2EC8573F-DB32-40FC-B54F-DF31C0835105}"
EndProject
Project("{FAE04EC0-301F-11D3-BF4B-00C04F79EFBC}") = "Domain", "Payment\Domain\Domain.csproj", "{1D4E4A3B-BFD4-4DF2-B7E5-15C2B6EBB362}"
EndProject
Project("{FAE04EC0-301F-11D3-BF4B-00C04F79EFBC}") = "Application", "Payment\Application\Application.csproj", "{B1F1302E-00B5-4EAB-9A95-E1AF94B794B4}"
EndProject
Project("{FAE04EC0-301F-11D3-BF4B-00C04F79EFBC}") = "Infrastructure", "Payment\Infrastructure\Infrastructure.csproj", "{3AEB5C6C-BD2C-47A4-9E8E-D5B69C18B4ED}"
EndProject
Project("{FAE04EC0-301F-11D3-BF4B-00C04F79EFBC}") = "Protos", "Payment\Protos\Protos.csproj", "{C2D9DE40-0468-4D88-994A-E8DCAD960FE8}"
EndProject
Project("{FAE04EC0-301F-11D3-BF4B-00C04F79EFBC}") = "Api", "Payment\Api\Api.csproj", "{A4AC3DBD-47FA-40DE-8FB3-DF08295D55BB}"
EndProject
Project("{2150E333-8FDC-42A3-9474-1A3956D46DE8}") = "Payment.UnitTests", "Payment.UnitTests", "{4C17DFE9-402F-4FC3-8F8B-5A4FBA2ACBB8}"
EndProject
Project("{FAE04EC0-301F-11D3-BF4B-00C04F79EFBC}") = "Api.Tests", "Payment.UnitTests\Api.Tests\Api.Tests.csproj", "{7487BC94-176A-4D17-8C72-1D8658523070}"
EndProject
Project("{FAE04EC0-301F-11D3-BF4B-00C04F79EFBC}") = "Application.Tests", "Payment.UnitTests\Application.Tests\Application.Tests.csproj", "{08CBFB4D-2CE3-4156-93C4-0D106C454EBE}"
EndProject
Project("{FAE04EC0-301F-11D3-BF4B-00C04F79EFBC}") = "Domain.Tests", "Payment.UnitTests\Domain.Tests\Domain.Tests.csproj", "{CB6ABDDD-3326-483E-8B38-85BBEA609B05}"
EndProject
Project("{FAE04EC0-301F-11D3-BF4B-00C04F79EFBC}") = "Infrastructure.Tests", "Payment.UnitTests\Infrastructure.Tests\Infrastructure.Tests.csproj", "{CB0EB579-5353-4BE0-88C2-05DA2067F1AB}"
EndProject
Project("{2150E333-8FDC-42A3-9474-1A3956D46DE8}") = "Payment.IntegrationTests", "Payment.IntegrationTests", "{926EF505-56C9-4698-83E7-7264532557B1}"
EndProject
Project("{FAE04EC0-301F-11D3-BF4B-00C04F79EFBC}") = "Payment.IntegrationTests", "Payment.IntegrationTests\Payment.IntegrationTests.csproj", "{08C2E83C-9560-4C6D-8C6C-455200BB60A7}"
EndProject
Project("{FAE04EC0-301F-11D3-BF4B-00C04F79EFBC}") = "Payment.E2ETests", "Payment.E2ETests\Payment.E2ETests.csproj", "{95C8F85D-FF06-42BD-ABAB-16247F0E2671}"
EndProject
Project("{2150E333-8FDC-42A3-9474-1A3956D46DE8}") = "Payment.E2ETests", "Payment.E2ETests", "{F13C99FF-2B56-4E36-9BEC-3271753AB9E0}"
EndProject
Global
	GlobalSection(SolutionConfigurationPlatforms) = preSolution
		Debug|Any CPU = Debug|Any CPU
		Release|Any CPU = Release|Any CPU
	EndGlobalSection
	GlobalSection(ProjectConfigurationPlatforms) = postSolution
		{1D4E4A3B-BFD4-4DF2-B7E5-15C2B6EBB362}.Debug|Any CPU.ActiveCfg = Debug|Any CPU
		{1D4E4A3B-BFD4-4DF2-B7E5-15C2B6EBB362}.Debug|Any CPU.Build.0 = Debug|Any CPU
		{1D4E4A3B-BFD4-4DF2-B7E5-15C2B6EBB362}.Release|Any CPU.ActiveCfg = Release|Any CPU
		{1D4E4A3B-BFD4-4DF2-B7E5-15C2B6EBB362}.Release|Any CPU.Build.0 = Release|Any CPU
		{B1F1302E-00B5-4EAB-9A95-E1AF94B794B4}.Debug|Any CPU.ActiveCfg = Debug|Any CPU
		{B1F1302E-00B5-4EAB-9A95-E1AF94B794B4}.Debug|Any CPU.Build.0 = Debug|Any CPU
		{B1F1302E-00B5-4EAB-9A95-E1AF94B794B4}.Release|Any CPU.ActiveCfg = Release|Any CPU
		{B1F1302E-00B5-4EAB-9A95-E1AF94B794B4}.Release|Any CPU.Build.0 = Release|Any CPU
		{3AEB5C6C-BD2C-47A4-9E8E-D5B69C18B4ED}.Debug|Any CPU.ActiveCfg = Debug|Any CPU
		{3AEB5C6C-BD2C-47A4-9E8E-D5B69C18B4ED}.Debug|Any CPU.Build.0 = Debug|Any CPU
		{3AEB5C6C-BD2C-47A4-9E8E-D5B69C18B4ED}.Release|Any CPU.ActiveCfg = Release|Any CPU
		{3AEB5C6C-BD2C-47A4-9E8E-D5B69C18B4ED}.Release|Any CPU.Build.0 = Release|Any CPU
		{C2D9DE40-0468-4D88-994A-E8DCAD960FE8}.Debug|Any CPU.ActiveCfg = Debug|Any CPU
		{C2D9DE40-0468-4D88-994A-E8DCAD960FE8}.Debug|Any CPU.Build.0 = Debug|Any CPU
		{C2D9DE40-0468-4D88-994A-E8DCAD960FE8}.Release|Any CPU.ActiveCfg = Release|Any CPU
		{C2D9DE40-0468-4D88-994A-E8DCAD960FE8}.Release|Any CPU.Build.0 = Release|Any CPU
		{A4AC3DBD-47FA-40DE-8FB3-DF08295D55BB}.Debug|Any CPU.ActiveCfg = Debug|Any CPU
		{A4AC3DBD-47FA-40DE-8FB3-DF08295D55BB}.Debug|Any CPU.Build.0 = Debug|Any CPU
		{A4AC3DBD-47FA-40DE-8FB3-DF08295D55BB}.Release|Any CPU.ActiveCfg = Release|Any CPU
		{A4AC3DBD-47FA-40DE-8FB3-DF08295D55BB}.Release|Any CPU.Build.0 = Release|Any CPU
		{7487BC94-176A-4D17-8C72-1D8658523070}.Debug|Any CPU.ActiveCfg = Debug|Any CPU
		{7487BC94-176A-4D17-8C72-1D8658523070}.Debug|Any CPU.Build.0 = Debug|Any CPU
		{7487BC94-176A-4D17-8C72-1D8658523070}.Release|Any CPU.ActiveCfg = Release|Any CPU
		{7487BC94-176A-4D17-8C72-1D8658523070}.Release|Any CPU.Build.0 = Release|Any CPU
		{08CBFB4D-2CE3-4156-93C4-0D106C454EBE}.Debug|Any CPU.ActiveCfg = Debug|Any CPU
		{08CBFB4D-2CE3-4156-93C4-0D106C454EBE}.Debug|Any CPU.Build.0 = Debug|Any CPU
		{08CBFB4D-2CE3-4156-93C4-0D106C454EBE}.Release|Any CPU.ActiveCfg = Release|Any CPU
		{08CBFB4D-2CE3-4156-93C4-0D106C454EBE}.Release|Any CPU.Build.0 = Release|Any CPU
		{CB6ABDDD-3326-483E-8B38-85BBEA609B05}.Debug|Any CPU.ActiveCfg = Debug|Any CPU
		{CB6ABDDD-3326-483E-8B38-85BBEA609B05}.Debug|Any CPU.Build.0 = Debug|Any CPU
		{CB6ABDDD-3326-483E-8B38-85BBEA609B05}.Release|Any CPU.ActiveCfg = Release|Any CPU
		{CB6ABDDD-3326-483E-8B38-85BBEA609B05}.Release|Any CPU.Build.0 = Release|Any CPU
		{CB0EB579-5353-4BE0-88C2-05DA2067F1AB}.Debug|Any CPU.ActiveCfg = Debug|Any CPU
		{CB0EB579-5353-4BE0-88C2-05DA2067F1AB}.Debug|Any CPU.Build.0 = Debug|Any CPU
		{CB0EB579-5353-4BE0-88C2-05DA2067F1AB}.Release|Any CPU.ActiveCfg = Release|Any CPU
		{CB0EB579-5353-4BE0-88C2-05DA2067F1AB}.Release|Any CPU.Build.0 = Release|Any CPU
		{08C2E83C-9560-4C6D-8C6C-455200BB60A7}.Debug|Any CPU.ActiveCfg = Debug|Any CPU
		{08C2E83C-9560-4C6D-8C6C-455200BB60A7}.Debug|Any CPU.Build.0 = Debug|Any CPU
		{08C2E83C-9560-4C6D-8C6C-455200BB60A7}.Release|Any CPU.ActiveCfg = Release|Any CPU
		{08C2E83C-9560-4C6D-8C6C-455200BB60A7}.Release|Any CPU.Build.0 = Release|Any CPU
		{95C8F85D-FF06-42BD-ABAB-16247F0E2671}.Debug|Any CPU.ActiveCfg = Debug|Any CPU
		{95C8F85D-FF06-42BD-ABAB-16247F0E2671}.Debug|Any CPU.Build.0 = Debug|Any CPU
		{95C8F85D-FF06-42BD-ABAB-16247F0E2671}.Release|Any CPU.ActiveCfg = Release|Any CPU
		{95C8F85D-FF06-42BD-ABAB-16247F0E2671}.Release|Any CPU.Build.0 = Release|Any CPU
	EndGlobalSection
	GlobalSection(NestedProjects) = preSolution
		{1D4E4A3B-BFD4-4DF2-B7E5-15C2B6EBB362} = {2EC8573F-DB32-40FC-B54F-DF31C0835105}
		{B1F1302E-00B5-4EAB-9A95-E1AF94B794B4} = {2EC8573F-DB32-40FC-B54F-DF31C0835105}
		{3AEB5C6C-BD2C-47A4-9E8E-D5B69C18B4ED} = {2EC8573F-DB32-40FC-B54F-DF31C0835105}
		{C2D9DE40-0468-4D88-994A-E8DCAD960FE8} = {2EC8573F-DB32-40FC-B54F-DF31C0835105}
		{A4AC3DBD-47FA-40DE-8FB3-DF08295D55BB} = {2EC8573F-DB32-40FC-B54F-DF31C0835105}
		{7487BC94-176A-4D17-8C72-1D8658523070} = {4C17DFE9-402F-4FC3-8F8B-5A4FBA2ACBB8}
		{08CBFB4D-2CE3-4156-93C4-0D106C454EBE} = {4C17DFE9-402F-4FC3-8F8B-5A4FBA2ACBB8}
		{CB6ABDDD-3326-483E-8B38-85BBEA609B05} = {4C17DFE9-402F-4FC3-8F8B-5A4FBA2ACBB8}
		{CB0EB579-5353-4BE0-88C2-05DA2067F1AB} = {4C17DFE9-402F-4FC3-8F8B-5A4FBA2ACBB8}
		{08C2E83C-9560-4C6D-8C6C-455200BB60A7} = {926EF505-56C9-4698-83E7-7264532557B1}
		{95C8F85D-FF06-42BD-ABAB-16247F0E2671} = {F13C99FF-2B56-4E36-9BEC-3271753AB9E0}
	EndGlobalSection
EndGlobal
