
Microsoft Visual Studio Solution File, Format Version 12.00
# 
Project("{2150E333-8FDC-42A3-9474-1A3956D46DE8}") = "Payment", "Payment", "{2EC8573F-DB32-40FC-B54F-DF31C0835105}"
EndProject
Project("{FAE04EC0-301F-11D3-BF4B-00C04F79EFBC}") = "Domain", "Payment\Domain\Domain.csproj", "{1D4E4A3B-BFD4-4DF2-B7E5-15C2B6EBB362}"
EndProject
Project("{FAE04EC0-301F-11D3-BF4B-00C04F79EFBC}") = "Application", "Payment\Application\Application.csproj", "{B1F1302E-00B5-4EAB-9A95-E1AF94B794B4}"
EndProject
Project("{FAE04EC0-301F-11D3-BF4B-00C04F79EFBC}") = "Infrastructure", "Payment\Infrastructure\Infrastructure.csproj", "{3AEB5C6C-BD2C-47A4-9E8E-D5B69C18B4ED}"
EndProject
Project("{FAE04EC0-301F-11D3-BF4B-00C04F79EFBC}") = "Protos", "Payment\Protos\Protos.csproj", "{C2D9DE40-0468-4D88-994A-E8DCAD960FE8}"
EndProject
Project("{FAE04EC0-301F-11D3-BF4B-00C04F79EFBC}") = "Api", "Payment\Api\Api.csproj", "{A4AC3DBD-47FA-40DE-8FB3-DF08295D55BB}"
EndProject
Global
	GlobalSection(SolutionConfigurationPlatforms) = preSolution
		Debug|Any CPU = Debug|Any CPU
		Release|Any CPU = Release|Any CPU
	EndGlobalSection
	GlobalSection(ProjectConfigurationPlatforms) = postSolution
		{1D4E4A3B-BFD4-4DF2-B7E5-15C2B6EBB362}.Debug|Any CPU.ActiveCfg = Debug|Any CPU
		{1D4E4A3B-BFD4-4DF2-B7E5-15C2B6EBB362}.Debug|Any CPU.Build.0 = Debug|Any CPU
		{1D4E4A3B-BFD4-4DF2-B7E5-15C2B6EBB362}.Release|Any CPU.ActiveCfg = Release|Any CPU
		{1D4E4A3B-BFD4-4DF2-B7E5-15C2B6EBB362}.Release|Any CPU.Build.0 = Release|Any CPU
		{B1F1302E-00B5-4EAB-9A95-E1AF94B794B4}.Debug|Any CPU.ActiveCfg = Debug|Any CPU
		{B1F1302E-00B5-4EAB-9A95-E1AF94B794B4}.Debug|Any CPU.Build.0 = Debug|Any CPU
		{B1F1302E-00B5-4EAB-9A95-E1AF94B794B4}.Release|Any CPU.ActiveCfg = Release|Any CPU
		{B1F1302E-00B5-4EAB-9A95-E1AF94B794B4}.Release|Any CPU.Build.0 = Release|Any CPU
		{3AEB5C6C-BD2C-47A4-9E8E-D5B69C18B4ED}.Debug|Any CPU.ActiveCfg = Debug|Any CPU
		{3AEB5C6C-BD2C-47A4-9E8E-D5B69C18B4ED}.Debug|Any CPU.Build.0 = Debug|Any CPU
		{3AEB5C6C-BD2C-47A4-9E8E-D5B69C18B4ED}.Release|Any CPU.ActiveCfg = Release|Any CPU
		{3AEB5C6C-BD2C-47A4-9E8E-D5B69C18B4ED}.Release|Any CPU.Build.0 = Release|Any CPU
		{C2D9DE40-0468-4D88-994A-E8DCAD960FE8}.Debug|Any CPU.ActiveCfg = Debug|Any CPU
		{C2D9DE40-0468-4D88-994A-E8DCAD960FE8}.Debug|Any CPU.Build.0 = Debug|Any CPU
		{C2D9DE40-0468-4D88-994A-E8DCAD960FE8}.Release|Any CPU.ActiveCfg = Release|Any CPU
		{C2D9DE40-0468-4D88-994A-E8DCAD960FE8}.Release|Any CPU.Build.0 = Release|Any CPU
		{A4AC3DBD-47FA-40DE-8FB3-DF08295D55BB}.Debug|Any CPU.ActiveCfg = Debug|Any CPU
		{A4AC3DBD-47FA-40DE-8FB3-DF08295D55BB}.Debug|Any CPU.Build.0 = Debug|Any CPU
		{A4AC3DBD-47FA-40DE-8FB3-DF08295D55BB}.Release|Any CPU.ActiveCfg = Release|Any CPU
		{A4AC3DBD-47FA-40DE-8FB3-DF08295D55BB}.Release|Any CPU.Build.0 = Release|Any CPU
	EndGlobalSection
	GlobalSection(NestedProjects) = preSolution
		{1D4E4A3B-BFD4-4DF2-B7E5-15C2B6EBB362} = {2EC8573F-DB32-40FC-B54F-DF31C0835105}
		{B1F1302E-00B5-4EAB-9A95-E1AF94B794B4} = {2EC8573F-DB32-40FC-B54F-DF31C0835105}
		{3AEB5C6C-BD2C-47A4-9E8E-D5B69C18B4ED} = {2EC8573F-DB32-40FC-B54F-DF31C0835105}
		{C2D9DE40-0468-4D88-994A-E8DCAD960FE8} = {2EC8573F-DB32-40FC-B54F-DF31C0835105}
		{A4AC3DBD-47FA-40DE-8FB3-DF08295D55BB} = {2EC8573F-DB32-40FC-B54F-DF31C0835105}
	EndGlobalSection
EndGlobal
