
Microsoft Visual Studio Solution File, Format Version 12.00
Project("{2150E333-8FDC-42A3-9474-1A3956D46DE8}") = "Product", "Product", "{4DB95EE6-8DC9-4254-8A2E-4CD3C2672207}"
EndProject
Project("{FAE04EC0-301F-11D3-BF4B-00C04F79EFBC}") = "Protos", "Product\Protos\Protos.csproj", "{71E0F65B-C283-49AD-B596-5B5F6676DC98}"
EndProject
Project("{FAE04EC0-301F-11D3-BF4B-00C04F79EFBC}") = "Domain", "Product\Domain\Domain.csproj", "{B7D778FF-498A-42A7-8AE1-FCA714BCFE8D}"
EndProject
Project("{FAE04EC0-301F-11D3-BF4B-00C04F79EFBC}") = "Application", "Product\Application\Application.csproj", "{F9803D7B-E628-437A-9EA9-4362D6721C08}"
EndProject
Project("{FAE04EC0-301F-11D3-BF4B-00C04F79EFBC}") = "Infrastructure", "Product\Infrastructure\Infrastructure.csproj", "{502EFC90-20A2-4318-B447-E88CC50B399A}"
EndProject
Project("{2150E333-8FDC-42A3-9474-1A3956D46DE8}") = "Product.UnitTests", "Product.UnitTests", "{19662E15-8E53-4DE0-9857-941249E78F61}"
EndProject
Project("{FAE04EC0-301F-11D3-BF4B-00C04F79EFBC}") = "Domain.Tests", "Product.UnitTests\Domain.Tests\Domain.Tests.csproj", "{EE9F2B10-EA02-4398-A8AF-35B83B8146D1}"
EndProject
Project("{FAE04EC0-301F-11D3-BF4B-00C04F79EFBC}") = "Application.Tests", "Product.UnitTests\Application.Tests\Application.Tests.csproj", "{78D300B2-6F07-4C54-A474-0649504297BC}"
EndProject
Project("{FAE04EC0-301F-11D3-BF4B-00C04F79EFBC}") = "Infrastructure.Tests", "Product.UnitTests\Infrastructure.Tests\Infrastructure.Tests.csproj", "{FA16F7CE-E256-4D54-82C3-9C1D1A3F946D}"
EndProject
Global
	GlobalSection(SolutionConfigurationPlatforms) = preSolution
		Debug|Any CPU = Debug|Any CPU
		Release|Any CPU = Release|Any CPU
	EndGlobalSection
	GlobalSection(ProjectConfigurationPlatforms) = postSolution
		{71E0F65B-C283-49AD-B596-5B5F6676DC98}.Debug|Any CPU.ActiveCfg = Debug|Any CPU
		{71E0F65B-C283-49AD-B596-5B5F6676DC98}.Debug|Any CPU.Build.0 = Debug|Any CPU
		{71E0F65B-C283-49AD-B596-5B5F6676DC98}.Release|Any CPU.ActiveCfg = Release|Any CPU
		{71E0F65B-C283-49AD-B596-5B5F6676DC98}.Release|Any CPU.Build.0 = Release|Any CPU
		{B7D778FF-498A-42A7-8AE1-FCA714BCFE8D}.Debug|Any CPU.ActiveCfg = Debug|Any CPU
		{B7D778FF-498A-42A7-8AE1-FCA714BCFE8D}.Debug|Any CPU.Build.0 = Debug|Any CPU
		{B7D778FF-498A-42A7-8AE1-FCA714BCFE8D}.Release|Any CPU.ActiveCfg = Release|Any CPU
		{B7D778FF-498A-42A7-8AE1-FCA714BCFE8D}.Release|Any CPU.Build.0 = Release|Any CPU
		{F9803D7B-E628-437A-9EA9-4362D6721C08}.Debug|Any CPU.ActiveCfg = Debug|Any CPU
		{F9803D7B-E628-437A-9EA9-4362D6721C08}.Debug|Any CPU.Build.0 = Debug|Any CPU
		{F9803D7B-E628-437A-9EA9-4362D6721C08}.Release|Any CPU.ActiveCfg = Release|Any CPU
		{F9803D7B-E628-437A-9EA9-4362D6721C08}.Release|Any CPU.Build.0 = Release|Any CPU
		{502EFC90-20A2-4318-B447-E88CC50B399A}.Debug|Any CPU.ActiveCfg = Debug|Any CPU
		{502EFC90-20A2-4318-B447-E88CC50B399A}.Debug|Any CPU.Build.0 = Debug|Any CPU
		{502EFC90-20A2-4318-B447-E88CC50B399A}.Release|Any CPU.ActiveCfg = Release|Any CPU
		{502EFC90-20A2-4318-B447-E88CC50B399A}.Release|Any CPU.Build.0 = Release|Any CPU
		{EE9F2B10-EA02-4398-A8AF-35B83B8146D1}.Debug|Any CPU.ActiveCfg = Debug|Any CPU
		{EE9F2B10-EA02-4398-A8AF-35B83B8146D1}.Debug|Any CPU.Build.0 = Debug|Any CPU
		{EE9F2B10-EA02-4398-A8AF-35B83B8146D1}.Release|Any CPU.ActiveCfg = Release|Any CPU
		{EE9F2B10-EA02-4398-A8AF-35B83B8146D1}.Release|Any CPU.Build.0 = Release|Any CPU
		{78D300B2-6F07-4C54-A474-0649504297BC}.Debug|Any CPU.ActiveCfg = Debug|Any CPU
		{78D300B2-6F07-4C54-A474-0649504297BC}.Debug|Any CPU.Build.0 = Debug|Any CPU
		{78D300B2-6F07-4C54-A474-0649504297BC}.Release|Any CPU.ActiveCfg = Release|Any CPU
		{78D300B2-6F07-4C54-A474-0649504297BC}.Release|Any CPU.Build.0 = Release|Any CPU
		{FA16F7CE-E256-4D54-82C3-9C1D1A3F946D}.Debug|Any CPU.ActiveCfg = Debug|Any CPU
		{FA16F7CE-E256-4D54-82C3-9C1D1A3F946D}.Debug|Any CPU.Build.0 = Debug|Any CPU
		{FA16F7CE-E256-4D54-82C3-9C1D1A3F946D}.Release|Any CPU.ActiveCfg = Release|Any CPU
		{FA16F7CE-E256-4D54-82C3-9C1D1A3F946D}.Release|Any CPU.Build.0 = Release|Any CPU
	EndGlobalSection
	GlobalSection(NestedProjects) = preSolution
		{71E0F65B-C283-49AD-B596-5B5F6676DC98} = {4DB95EE6-8DC9-4254-8A2E-4CD3C2672207}
		{B7D778FF-498A-42A7-8AE1-FCA714BCFE8D} = {4DB95EE6-8DC9-4254-8A2E-4CD3C2672207}
		{F9803D7B-E628-437A-9EA9-4362D6721C08} = {4DB95EE6-8DC9-4254-8A2E-4CD3C2672207}
		{502EFC90-20A2-4318-B447-E88CC50B399A} = {4DB95EE6-8DC9-4254-8A2E-4CD3C2672207}
		{EE9F2B10-EA02-4398-A8AF-35B83B8146D1} = {19662E15-8E53-4DE0-9857-941249E78F61}
		{78D300B2-6F07-4C54-A474-0649504297BC} = {19662E15-8E53-4DE0-9857-941249E78F61}
		{FA16F7CE-E256-4D54-82C3-9C1D1A3F946D} = {19662E15-8E53-4DE0-9857-941249E78F61}
	EndGlobalSection
EndGlobal
