Microsoft Visual Studio Solution File, Format Version 12.00
Project("{2150E333-8FDC-42A3-9474-1A3956D46DE8}") = "src", "src", "{D263EFA0-AB44-4A1C-B1F7-58104F8EF046}"
EndProject
Project("{2150E333-8FDC-42A3-9474-1A3956D46DE8}") = "tests", "tests", "{E3C7DA1F-97CD-4CD1-B53E-4F20A6C8C123}"
EndProject
Project("{FAE04EC0-301F-11D3-BF4B-00C04F79EFBC}") = "Protos", "src\Protos\Protos.csproj", "{F1426CE7-65EA-45C2-943B-0FE6F633BBDD}"
EndProject
Project("{FAE04EC0-301F-11D3-BF4B-00C04F79EFBC}") = "Domain", "src\Domain\Domain.csproj", "{F47F0067-C8D2-453E-B29E-89784E67D355}"
EndProject
Project("{FAE04EC0-301F-11D3-BF4B-00C04F79EFBC}") = "Application", "src\Application\Application.csproj", "{16351308-7A22-4C97-9328-02DD65296650}"
EndProject
Project("{FAE04EC0-301F-11D3-BF4B-00C04F79EFBC}") = "Infrastructure", "src\Infrastructure\Infrastructure.csproj", "{23BC069E-15EC-4A17-9554-F028520A0051}"
EndProject
Project("{FAE04EC0-301F-11D3-BF4B-00C04F79EFBC}") = "Api", "src\Api\Api.csproj", "{3EE0C1CB-0632-4572-A798-A361A43246C0}"
EndProject
Project("{FAE04EC0-301F-11D3-BF4B-00C04F79EFBC}") = "Api.Tests", "tests\Api.Tests\Api.Tests.csproj", "{2B27CE84-9291-401C-B939-4312D87F2643}"
EndProject
Project("{FAE04EC0-301F-11D3-BF4B-00C04F79EFBC}") = "Application.Tests", "tests\Application.Tests\Application.Tests.csproj", "{AF97FE26-D3F7-44B4-A951-CBDE6AD4456A}"
EndProject
Project("{FAE04EC0-301F-11D3-BF4B-00C04F79EFBC}") = "Domain.Tests", "tests\Domain.Tests\Domain.Tests.csproj", "{8A4BC8D2-58A5-43DC-8DB9-CB102C2BDA14}"
EndProject
Project("{FAE04EC0-301F-11D3-BF4B-00C04F79EFBC}") = "Infrastructure.Tests", "tests\Infrastructure.Tests\Infrastructure.Tests.csproj", "{DFE90030-C6A5-43AD-8CD6-3CF9BD880E5E}"
EndProject
Global
	GlobalSection(SolutionConfigurationPlatforms) = preSolution
		Debug|Any CPU = Debug|Any CPU
		Release|Any CPU = Release|Any CPU
	EndGlobalSection
	GlobalSection(ProjectConfigurationPlatforms) = postSolution
		{F1426CE7-65EA-45C2-943B-0FE6F633BBDD}.Debug|Any CPU.ActiveCfg = Debug|Any CPU
		{F1426CE7-65EA-45C2-943B-0FE6F633BBDD}.Debug|Any CPU.Build.0 = Debug|Any CPU
		{F1426CE7-65EA-45C2-943B-0FE6F633BBDD}.Release|Any CPU.ActiveCfg = Release|Any CPU
		{F1426CE7-65EA-45C2-943B-0FE6F633BBDD}.Release|Any CPU.Build.0 = Release|Any CPU
		{F47F0067-C8D2-453E-B29E-89784E67D355}.Debug|Any CPU.ActiveCfg = Debug|Any CPU
		{F47F0067-C8D2-453E-B29E-89784E67D355}.Debug|Any CPU.Build.0 = Debug|Any CPU
		{F47F0067-C8D2-453E-B29E-89784E67D355}.Release|Any CPU.ActiveCfg = Release|Any CPU
		{F47F0067-C8D2-453E-B29E-89784E67D355}.Release|Any CPU.Build.0 = Release|Any CPU
		{16351308-7A22-4C97-9328-02DD65296650}.Debug|Any CPU.ActiveCfg = Debug|Any CPU
		{16351308-7A22-4C97-9328-02DD65296650}.Debug|Any CPU.Build.0 = Debug|Any CPU
		{16351308-7A22-4C97-9328-02DD65296650}.Release|Any CPU.ActiveCfg = Release|Any CPU
		{16351308-7A22-4C97-9328-02DD65296650}.Release|Any CPU.Build.0 = Release|Any CPU
		{23BC069E-15EC-4A17-9554-F028520A0051}.Debug|Any CPU.ActiveCfg = Debug|Any CPU
		{23BC069E-15EC-4A17-9554-F028520A0051}.Debug|Any CPU.Build.0 = Debug|Any CPU
		{23BC069E-15EC-4A17-9554-F028520A0051}.Release|Any CPU.ActiveCfg = Release|Any CPU
		{23BC069E-15EC-4A17-9554-F028520A0051}.Release|Any CPU.Build.0 = Release|Any CPU
		{3EE0C1CB-0632-4572-A798-A361A43246C0}.Debug|Any CPU.ActiveCfg = Debug|Any CPU
		{3EE0C1CB-0632-4572-A798-A361A43246C0}.Debug|Any CPU.Build.0 = Debug|Any CPU
		{3EE0C1CB-0632-4572-A798-A361A43246C0}.Release|Any CPU.ActiveCfg = Release|Any CPU
		{3EE0C1CB-0632-4572-A798-A361A43246C0}.Release|Any CPU.Build.0 = Release|Any CPU
		{2B27CE84-9291-401C-B939-4312D87F2643}.Debug|Any CPU.ActiveCfg = Debug|Any CPU
		{2B27CE84-9291-401C-B939-4312D87F2643}.Debug|Any CPU.Build.0 = Debug|Any CPU
		{2B27CE84-9291-401C-B939-4312D87F2643}.Release|Any CPU.ActiveCfg = Release|Any CPU
		{2B27CE84-9291-401C-B939-4312D87F2643}.Release|Any CPU.Build.0 = Release|Any CPU
		{AF97FE26-D3F7-44B4-A951-CBDE6AD4456A}.Debug|Any CPU.ActiveCfg = Debug|Any CPU
		{AF97FE26-D3F7-44B4-A951-CBDE6AD4456A}.Debug|Any CPU.Build.0 = Debug|Any CPU
		{AF97FE26-D3F7-44B4-A951-CBDE6AD4456A}.Release|Any CPU.ActiveCfg = Release|Any CPU
		{AF97FE26-D3F7-44B4-A951-CBDE6AD4456A}.Release|Any CPU.Build.0 = Release|Any CPU
		{8A4BC8D2-58A5-43DC-8DB9-CB102C2BDA14}.Debug|Any CPU.ActiveCfg = Debug|Any CPU
		{8A4BC8D2-58A5-43DC-8DB9-CB102C2BDA14}.Debug|Any CPU.Build.0 = Debug|Any CPU
		{8A4BC8D2-58A5-43DC-8DB9-CB102C2BDA14}.Release|Any CPU.ActiveCfg = Release|Any CPU
		{8A4BC8D2-58A5-43DC-8DB9-CB102C2BDA14}.Release|Any CPU.Build.0 = Release|Any CPU
		{DFE90030-C6A5-43AD-8CD6-3CF9BD880E5E}.Debug|Any CPU.ActiveCfg = Debug|Any CPU
		{DFE90030-C6A5-43AD-8CD6-3CF9BD880E5E}.Debug|Any CPU.Build.0 = Debug|Any CPU
		{DFE90030-C6A5-43AD-8CD6-3CF9BD880E5E}.Release|Any CPU.ActiveCfg = Release|Any CPU
		{DFE90030-C6A5-43AD-8CD6-3CF9BD880E5E}.Release|Any CPU.Build.0 = Release|Any CPU
	EndGlobalSection
	GlobalSection(NestedProjects) = preSolution
		{F1426CE7-65EA-45C2-943B-0FE6F633BBDD} = {D263EFA0-AB44-4A1C-B1F7-58104F8EF046}
		{F47F0067-C8D2-453E-B29E-89784E67D355} = {D263EFA0-AB44-4A1C-B1F7-58104F8EF046}
		{16351308-7A22-4C97-9328-02DD65296650} = {D263EFA0-AB44-4A1C-B1F7-58104F8EF046}
		{23BC069E-15EC-4A17-9554-F028520A0051} = {D263EFA0-AB44-4A1C-B1F7-58104F8EF046}
		{3EE0C1CB-0632-4572-A798-A361A43246C0} = {D263EFA0-AB44-4A1C-B1F7-58104F8EF046}
		{2B27CE84-9291-401C-B939-4312D87F2643} = {E3C7DA1F-97CD-4CD1-B53E-4F20A6C8C123}
		{AF97FE26-D3F7-44B4-A951-CBDE6AD4456A} = {E3C7DA1F-97CD-4CD1-B53E-4F20A6C8C123}
		{8A4BC8D2-58A5-43DC-8DB9-CB102C2BDA14} = {E3C7DA1F-97CD-4CD1-B53E-4F20A6C8C123}
		{DFE90030-C6A5-43AD-8CD6-3CF9BD880E5E} = {E3C7DA1F-97CD-4CD1-B53E-4F20A6C8C123}
	EndGlobalSection
EndGlobal
