
Microsoft Visual Studio Solution File, Format Version 12.00
Project("{2150E333-8FDC-42A3-9474-1A3956D46DE8}") = "src", "src", "{D263EFA0-AB44-4A1C-B1F7-58104F8EF046}"
EndProject
Project("{2150E333-8FDC-42A3-9474-1A3956D46DE8}") = "tests", "tests", "{E3C7DA1F-97CD-4CD1-B53E-4F20A6C8C123}"
EndProject
Project("{FAE04EC0-301F-11D3-BF4B-00C04F79EFBC}") = "Application", "src\Application\Application.csproj", "{F6FAC531-AA28-47A4-B254-31381A69C766}"
EndProject
Project("{FAE04EC0-301F-11D3-BF4B-00C04F79EFBC}") = "Domain", "src\Domain\Domain.csproj", "{02B17D6E-09A5-4F9A-A87E-1C4DC174C7B5}"
EndProject
Project("{FAE04EC0-301F-11D3-BF4B-00C04F79EFBC}") = "Infrastructure", "src\Infrastructure\Infrastructure.csproj", "{004C68EF-116E-4E75-98AE-3E441186460B}"
EndProject
Project("{FAE04EC0-301F-11D3-BF4B-00C04F79EFBC}") = "Api", "src\Api\Api.csproj", "{BAD51FF6-E6DB-4802-93DC-379885B1F644}"
EndProject
Project("{FAE04EC0-301F-11D3-BF4B-00C04F79EFBC}") = "Protos", "src\Protos\Protos.csproj", "{B040D677-B3CF-4B99-81A2-0E17808EC62C}"
EndProject
Project("{FAE04EC0-301F-11D3-BF4B-00C04F79EFBC}") = "Api.Tests", "tests\Api.Tests\Api.Tests.csproj", "{300220E8-2A41-412C-9FC3-11AB5A907D68}"
EndProject
Project("{FAE04EC0-301F-11D3-BF4B-00C04F79EFBC}") = "Infrastructure.Tests", "tests\Infrastructure.Tests\Infrastructure.Tests.csproj", "{30491BA2-5A31-46F9-8F62-C12FE52B9F27}"
EndProject
Project("{FAE04EC0-301F-11D3-BF4B-00C04F79EFBC}") = "Domain.Tests", "tests\Domain.Tests\Domain.Tests.csproj", "{2D042892-9A2A-454D-A2DB-A02FB882F2A7}"
EndProject
Project("{FAE04EC0-301F-11D3-BF4B-00C04F79EFBC}") = "Application.Tests", "tests\Application.Tests\Application.Tests.csproj", "{E13FA683-272A-4237-ADE8-86F66BF7ADBE}"
EndProject
Global
	GlobalSection(SolutionConfigurationPlatforms) = preSolution
		Debug|Any CPU = Debug|Any CPU
		Release|Any CPU = Release|Any CPU
	EndGlobalSection
	GlobalSection(ProjectConfigurationPlatforms) = postSolution
		{F6FAC531-AA28-47A4-B254-31381A69C766}.Debug|Any CPU.ActiveCfg = Debug|Any CPU
		{F6FAC531-AA28-47A4-B254-31381A69C766}.Debug|Any CPU.Build.0 = Debug|Any CPU
		{F6FAC531-AA28-47A4-B254-31381A69C766}.Release|Any CPU.ActiveCfg = Release|Any CPU
		{F6FAC531-AA28-47A4-B254-31381A69C766}.Release|Any CPU.Build.0 = Release|Any CPU
		{02B17D6E-09A5-4F9A-A87E-1C4DC174C7B5}.Debug|Any CPU.ActiveCfg = Debug|Any CPU
		{02B17D6E-09A5-4F9A-A87E-1C4DC174C7B5}.Debug|Any CPU.Build.0 = Debug|Any CPU
		{02B17D6E-09A5-4F9A-A87E-1C4DC174C7B5}.Release|Any CPU.ActiveCfg = Release|Any CPU
		{02B17D6E-09A5-4F9A-A87E-1C4DC174C7B5}.Release|Any CPU.Build.0 = Release|Any CPU
		{004C68EF-116E-4E75-98AE-3E441186460B}.Debug|Any CPU.ActiveCfg = Debug|Any CPU
		{004C68EF-116E-4E75-98AE-3E441186460B}.Debug|Any CPU.Build.0 = Debug|Any CPU
		{004C68EF-116E-4E75-98AE-3E441186460B}.Release|Any CPU.ActiveCfg = Release|Any CPU
		{004C68EF-116E-4E75-98AE-3E441186460B}.Release|Any CPU.Build.0 = Release|Any CPU
		{BAD51FF6-E6DB-4802-93DC-379885B1F644}.Debug|Any CPU.ActiveCfg = Debug|Any CPU
		{BAD51FF6-E6DB-4802-93DC-379885B1F644}.Debug|Any CPU.Build.0 = Debug|Any CPU
		{BAD51FF6-E6DB-4802-93DC-379885B1F644}.Release|Any CPU.ActiveCfg = Release|Any CPU
		{BAD51FF6-E6DB-4802-93DC-379885B1F644}.Release|Any CPU.Build.0 = Release|Any CPU
		{B040D677-B3CF-4B99-81A2-0E17808EC62C}.Debug|Any CPU.ActiveCfg = Debug|Any CPU
		{B040D677-B3CF-4B99-81A2-0E17808EC62C}.Debug|Any CPU.Build.0 = Debug|Any CPU
		{B040D677-B3CF-4B99-81A2-0E17808EC62C}.Release|Any CPU.ActiveCfg = Release|Any CPU
		{B040D677-B3CF-4B99-81A2-0E17808EC62C}.Release|Any CPU.Build.0 = Release|Any CPU
		{300220E8-2A41-412C-9FC3-11AB5A907D68}.Debug|Any CPU.ActiveCfg = Debug|Any CPU
		{300220E8-2A41-412C-9FC3-11AB5A907D68}.Debug|Any CPU.Build.0 = Debug|Any CPU
		{300220E8-2A41-412C-9FC3-11AB5A907D68}.Release|Any CPU.ActiveCfg = Release|Any CPU
		{300220E8-2A41-412C-9FC3-11AB5A907D68}.Release|Any CPU.Build.0 = Release|Any CPU
		{30491BA2-5A31-46F9-8F62-C12FE52B9F27}.Debug|Any CPU.ActiveCfg = Debug|Any CPU
		{30491BA2-5A31-46F9-8F62-C12FE52B9F27}.Debug|Any CPU.Build.0 = Debug|Any CPU
		{30491BA2-5A31-46F9-8F62-C12FE52B9F27}.Release|Any CPU.ActiveCfg = Release|Any CPU
		{30491BA2-5A31-46F9-8F62-C12FE52B9F27}.Release|Any CPU.Build.0 = Release|Any CPU
		{2D042892-9A2A-454D-A2DB-A02FB882F2A7}.Debug|Any CPU.ActiveCfg = Debug|Any CPU
		{2D042892-9A2A-454D-A2DB-A02FB882F2A7}.Debug|Any CPU.Build.0 = Debug|Any CPU
		{2D042892-9A2A-454D-A2DB-A02FB882F2A7}.Release|Any CPU.ActiveCfg = Release|Any CPU
		{2D042892-9A2A-454D-A2DB-A02FB882F2A7}.Release|Any CPU.Build.0 = Release|Any CPU
		{E13FA683-272A-4237-ADE8-86F66BF7ADBE}.Debug|Any CPU.ActiveCfg = Debug|Any CPU
		{E13FA683-272A-4237-ADE8-86F66BF7ADBE}.Debug|Any CPU.Build.0 = Debug|Any CPU
		{E13FA683-272A-4237-ADE8-86F66BF7ADBE}.Release|Any CPU.ActiveCfg = Release|Any CPU
		{E13FA683-272A-4237-ADE8-86F66BF7ADBE}.Release|Any CPU.Build.0 = Release|Any CPU
	EndGlobalSection
	GlobalSection(NestedProjects) = preSolution
		{F6FAC531-AA28-47A4-B254-31381A69C766} = {D263EFA0-AB44-4A1C-B1F7-58104F8EF046}
		{02B17D6E-09A5-4F9A-A87E-1C4DC174C7B5} = {D263EFA0-AB44-4A1C-B1F7-58104F8EF046}
		{004C68EF-116E-4E75-98AE-3E441186460B} = {D263EFA0-AB44-4A1C-B1F7-58104F8EF046}
		{BAD51FF6-E6DB-4802-93DC-379885B1F644} = {D263EFA0-AB44-4A1C-B1F7-58104F8EF046}

		{300220E8-2A41-412C-9FC3-11AB5A907D68} = {E3C7DA1F-97CD-4CD1-B53E-4F20A6C8C123}
		{30491BA2-5A31-46F9-8F62-C12FE52B9F27} = {E3C7DA1F-97CD-4CD1-B53E-4F20A6C8C123}
		{2D042892-9A2A-454D-A2DB-A02FB882F2A7} = {E3C7DA1F-97CD-4CD1-B53E-4F20A6C8C123}
		{E13FA683-272A-4237-ADE8-86F66BF7ADBE} = {E3C7DA1F-97CD-4CD1-B53E-4F20A6C8C123}
	EndGlobalSection
EndGlobal
