
Microsoft Visual Studio Solution File, Format Version 12.00
Project("{2150E333-8FDC-42A3-9474-1A3956D46DE8}") = "Catalog", "Catalog", "{55E2E2FA-9E39-4819-B67A-B6DEB9465FA5}"
EndProject
Project("{FAE04EC0-301F-11D3-BF4B-00C04F79EFBC}") = "Api", "Catalog\Api\Api.csproj", "{5A3ADECC-1CB9-41AD-BEBA-F148512E31C2}"
EndProject
Project("{FAE04EC0-301F-11D3-BF4B-00C04F79EFBC}") = "Application", "Catalog\Application\Application.csproj", "{C2CC41AF-4B84-42D0-8BB0-641D8D87C38B}"
EndProject
Project("{FAE04EC0-301F-11D3-BF4B-00C04F79EFBC}") = "Infrastructure", "Catalog\Infrastructure\Infrastructure.csproj", "{08F7C1C0-A483-4478-A94C-9420CFBD022F}"
EndProject
Project("{2150E333-8FDC-42A3-9474-1A3956D46DE8}") = "Catalog.UnitTests", "Catalog.UnitTests", "{5E7DE766-0681-4B06-9243-319DD8C98E4B}"
EndProject
Project("{FAE04EC0-301F-11D3-BF4B-00C04F79EFBC}") = "Application.Tests", "Catalog.UnitTests\Application.Tests\Application.Tests.csproj", "{54B3E6BE-2C20-4CEA-8BF8-919CA72774E8}"
EndProject
Project("{FAE04EC0-301F-11D3-BF4B-00C04F79EFBC}") = "Infrastructure.Tests", "Catalog.UnitTests\Infrastructure.Tests\Infrastructure.Tests.csproj", "{795D4DC4-CFB7-4E81-AD71-2EC70635F9A3}"
EndProject
Project("{2150E333-8FDC-42A3-9474-1A3956D46DE8}") = "Catalog.IntegrationTests", "Catalog.IntegrationTests", "{4F991A0E-DB6D-4BF6-862C-611D6EEE1441}"
EndProject
Project("{FAE04EC0-301F-11D3-BF4B-00C04F79EFBC}") = "Catalog.IntegrationTests", "Catalog.IntegrationTests\Catalog.IntegrationTests.csproj", "{066B61E5-6283-4F9C-AF83-5A9D94C3B1F0}"
EndProject
Global
	GlobalSection(SolutionConfigurationPlatforms) = preSolution
		Debug|Any CPU = Debug|Any CPU
		Debug|x64 = Debug|x64
		Debug|x86 = Debug|x86
		Release|Any CPU = Release|Any CPU
		Release|x64 = Release|x64
		Release|x86 = Release|x86
	EndGlobalSection
	GlobalSection(ProjectConfigurationPlatforms) = postSolution
		{5A3ADECC-1CB9-41AD-BEBA-F148512E31C2}.Debug|Any CPU.ActiveCfg = Debug|Any CPU
		{5A3ADECC-1CB9-41AD-BEBA-F148512E31C2}.Debug|Any CPU.Build.0 = Debug|Any CPU
		{5A3ADECC-1CB9-41AD-BEBA-F148512E31C2}.Debug|x64.ActiveCfg = Debug|Any CPU
		{5A3ADECC-1CB9-41AD-BEBA-F148512E31C2}.Debug|x64.Build.0 = Debug|Any CPU
		{5A3ADECC-1CB9-41AD-BEBA-F148512E31C2}.Debug|x86.ActiveCfg = Debug|Any CPU
		{5A3ADECC-1CB9-41AD-BEBA-F148512E31C2}.Debug|x86.Build.0 = Debug|Any CPU
		{5A3ADECC-1CB9-41AD-BEBA-F148512E31C2}.Release|Any CPU.ActiveCfg = Release|Any CPU
		{5A3ADECC-1CB9-41AD-BEBA-F148512E31C2}.Release|Any CPU.Build.0 = Release|Any CPU
		{5A3ADECC-1CB9-41AD-BEBA-F148512E31C2}.Release|x64.ActiveCfg = Release|Any CPU
		{5A3ADECC-1CB9-41AD-BEBA-F148512E31C2}.Release|x64.Build.0 = Release|Any CPU
		{5A3ADECC-1CB9-41AD-BEBA-F148512E31C2}.Release|x86.ActiveCfg = Release|Any CPU
		{5A3ADECC-1CB9-41AD-BEBA-F148512E31C2}.Release|x86.Build.0 = Release|Any CPU
		{C2CC41AF-4B84-42D0-8BB0-641D8D87C38B}.Debug|Any CPU.ActiveCfg = Debug|Any CPU
		{C2CC41AF-4B84-42D0-8BB0-641D8D87C38B}.Debug|Any CPU.Build.0 = Debug|Any CPU
		{C2CC41AF-4B84-42D0-8BB0-641D8D87C38B}.Debug|x64.ActiveCfg = Debug|Any CPU
		{C2CC41AF-4B84-42D0-8BB0-641D8D87C38B}.Debug|x64.Build.0 = Debug|Any CPU
		{C2CC41AF-4B84-42D0-8BB0-641D8D87C38B}.Debug|x86.ActiveCfg = Debug|Any CPU
		{C2CC41AF-4B84-42D0-8BB0-641D8D87C38B}.Debug|x86.Build.0 = Debug|Any CPU
		{C2CC41AF-4B84-42D0-8BB0-641D8D87C38B}.Release|Any CPU.ActiveCfg = Release|Any CPU
		{C2CC41AF-4B84-42D0-8BB0-641D8D87C38B}.Release|Any CPU.Build.0 = Release|Any CPU
		{C2CC41AF-4B84-42D0-8BB0-641D8D87C38B}.Release|x64.ActiveCfg = Release|Any CPU
		{C2CC41AF-4B84-42D0-8BB0-641D8D87C38B}.Release|x64.Build.0 = Release|Any CPU
		{C2CC41AF-4B84-42D0-8BB0-641D8D87C38B}.Release|x86.ActiveCfg = Release|Any CPU
		{C2CC41AF-4B84-42D0-8BB0-641D8D87C38B}.Release|x86.Build.0 = Release|Any CPU
		{08F7C1C0-A483-4478-A94C-9420CFBD022F}.Debug|Any CPU.ActiveCfg = Debug|Any CPU
		{08F7C1C0-A483-4478-A94C-9420CFBD022F}.Debug|Any CPU.Build.0 = Debug|Any CPU
		{08F7C1C0-A483-4478-A94C-9420CFBD022F}.Debug|x64.ActiveCfg = Debug|Any CPU
		{08F7C1C0-A483-4478-A94C-9420CFBD022F}.Debug|x64.Build.0 = Debug|Any CPU
		{08F7C1C0-A483-4478-A94C-9420CFBD022F}.Debug|x86.ActiveCfg = Debug|Any CPU
		{08F7C1C0-A483-4478-A94C-9420CFBD022F}.Debug|x86.Build.0 = Debug|Any CPU
		{08F7C1C0-A483-4478-A94C-9420CFBD022F}.Release|Any CPU.ActiveCfg = Release|Any CPU
		{08F7C1C0-A483-4478-A94C-9420CFBD022F}.Release|Any CPU.Build.0 = Release|Any CPU
		{08F7C1C0-A483-4478-A94C-9420CFBD022F}.Release|x64.ActiveCfg = Release|Any CPU
		{08F7C1C0-A483-4478-A94C-9420CFBD022F}.Release|x64.Build.0 = Release|Any CPU
		{08F7C1C0-A483-4478-A94C-9420CFBD022F}.Release|x86.ActiveCfg = Release|Any CPU
		{08F7C1C0-A483-4478-A94C-9420CFBD022F}.Release|x86.Build.0 = Release|Any CPU
		{54B3E6BE-2C20-4CEA-8BF8-919CA72774E8}.Debug|Any CPU.ActiveCfg = Debug|Any CPU
		{54B3E6BE-2C20-4CEA-8BF8-919CA72774E8}.Debug|Any CPU.Build.0 = Debug|Any CPU
		{54B3E6BE-2C20-4CEA-8BF8-919CA72774E8}.Debug|x64.ActiveCfg = Debug|Any CPU
		{54B3E6BE-2C20-4CEA-8BF8-919CA72774E8}.Debug|x64.Build.0 = Debug|Any CPU
		{54B3E6BE-2C20-4CEA-8BF8-919CA72774E8}.Debug|x86.ActiveCfg = Debug|Any CPU
		{54B3E6BE-2C20-4CEA-8BF8-919CA72774E8}.Debug|x86.Build.0 = Debug|Any CPU
		{54B3E6BE-2C20-4CEA-8BF8-919CA72774E8}.Release|Any CPU.ActiveCfg = Release|Any CPU
		{54B3E6BE-2C20-4CEA-8BF8-919CA72774E8}.Release|Any CPU.Build.0 = Release|Any CPU
		{54B3E6BE-2C20-4CEA-8BF8-919CA72774E8}.Release|x64.ActiveCfg = Release|Any CPU
		{54B3E6BE-2C20-4CEA-8BF8-919CA72774E8}.Release|x64.Build.0 = Release|Any CPU
		{54B3E6BE-2C20-4CEA-8BF8-919CA72774E8}.Release|x86.ActiveCfg = Release|Any CPU
		{54B3E6BE-2C20-4CEA-8BF8-919CA72774E8}.Release|x86.Build.0 = Release|Any CPU
		{795D4DC4-CFB7-4E81-AD71-2EC70635F9A3}.Debug|Any CPU.ActiveCfg = Debug|Any CPU
		{795D4DC4-CFB7-4E81-AD71-2EC70635F9A3}.Debug|Any CPU.Build.0 = Debug|Any CPU
		{795D4DC4-CFB7-4E81-AD71-2EC70635F9A3}.Debug|x64.ActiveCfg = Debug|Any CPU
		{795D4DC4-CFB7-4E81-AD71-2EC70635F9A3}.Debug|x64.Build.0 = Debug|Any CPU
		{795D4DC4-CFB7-4E81-AD71-2EC70635F9A3}.Debug|x86.ActiveCfg = Debug|Any CPU
		{795D4DC4-CFB7-4E81-AD71-2EC70635F9A3}.Debug|x86.Build.0 = Debug|Any CPU
		{795D4DC4-CFB7-4E81-AD71-2EC70635F9A3}.Release|Any CPU.ActiveCfg = Release|Any CPU
		{795D4DC4-CFB7-4E81-AD71-2EC70635F9A3}.Release|Any CPU.Build.0 = Release|Any CPU
		{795D4DC4-CFB7-4E81-AD71-2EC70635F9A3}.Release|x64.ActiveCfg = Release|Any CPU
		{795D4DC4-CFB7-4E81-AD71-2EC70635F9A3}.Release|x64.Build.0 = Release|Any CPU
		{795D4DC4-CFB7-4E81-AD71-2EC70635F9A3}.Release|x86.ActiveCfg = Release|Any CPU
		{795D4DC4-CFB7-4E81-AD71-2EC70635F9A3}.Release|x86.Build.0 = Release|Any CPU
		{066B61E5-6283-4F9C-AF83-5A9D94C3B1F0}.Debug|Any CPU.ActiveCfg = Debug|Any CPU
		{066B61E5-6283-4F9C-AF83-5A9D94C3B1F0}.Debug|Any CPU.Build.0 = Debug|Any CPU
		{066B61E5-6283-4F9C-AF83-5A9D94C3B1F0}.Debug|x64.ActiveCfg = Debug|Any CPU
		{066B61E5-6283-4F9C-AF83-5A9D94C3B1F0}.Debug|x64.Build.0 = Debug|Any CPU
		{066B61E5-6283-4F9C-AF83-5A9D94C3B1F0}.Debug|x86.ActiveCfg = Debug|Any CPU
		{066B61E5-6283-4F9C-AF83-5A9D94C3B1F0}.Debug|x86.Build.0 = Debug|Any CPU
		{066B61E5-6283-4F9C-AF83-5A9D94C3B1F0}.Release|Any CPU.ActiveCfg = Release|Any CPU
		{066B61E5-6283-4F9C-AF83-5A9D94C3B1F0}.Release|Any CPU.Build.0 = Release|Any CPU
		{066B61E5-6283-4F9C-AF83-5A9D94C3B1F0}.Release|x64.ActiveCfg = Release|Any CPU
		{066B61E5-6283-4F9C-AF83-5A9D94C3B1F0}.Release|x64.Build.0 = Release|Any CPU
		{066B61E5-6283-4F9C-AF83-5A9D94C3B1F0}.Release|x86.ActiveCfg = Release|Any CPU
		{066B61E5-6283-4F9C-AF83-5A9D94C3B1F0}.Release|x86.Build.0 = Release|Any CPU
	EndGlobalSection
	GlobalSection(SolutionProperties) = preSolution
		HideSolutionNode = FALSE
	EndGlobalSection
	GlobalSection(NestedProjects) = preSolution
		{5A3ADECC-1CB9-41AD-BEBA-F148512E31C2} = {55E2E2FA-9E39-4819-B67A-B6DEB9465FA5}
		{C2CC41AF-4B84-42D0-8BB0-641D8D87C38B} = {55E2E2FA-9E39-4819-B67A-B6DEB9465FA5}
		{08F7C1C0-A483-4478-A94C-9420CFBD022F} = {55E2E2FA-9E39-4819-B67A-B6DEB9465FA5}
		{54B3E6BE-2C20-4CEA-8BF8-919CA72774E8} = {5E7DE766-0681-4B06-9243-319DD8C98E4B}
		{795D4DC4-CFB7-4E81-AD71-2EC70635F9A3} = {5E7DE766-0681-4B06-9243-319DD8C98E4B}
		{066B61E5-6283-4F9C-AF83-5A9D94C3B1F0} = {4F991A0E-DB6D-4BF6-862C-611D6EEE1441}
	EndGlobalSection
EndGlobal
