
Microsoft Visual Studio Solution File, Format Version 12.00
# 
Project("{FAE04EC0-301F-11D3-BF4B-00C04F79EFBC}") = "Application", "User\Application\Application.csproj", "{F6FAC531-AA28-47A4-B254-31381A69C766}"
EndProject
Project("{FAE04EC0-301F-11D3-BF4B-00C04F79EFBC}") = "Domain", "User\Domain\Domain.csproj", "{02B17D6E-09A5-4F9A-A87E-1C4DC174C7B5}"
EndProject
Project("{FAE04EC0-301F-11D3-BF4B-00C04F79EFBC}") = "Infrastructure", "User\Infrastructure\Infrastructure.csproj", "{004C68EF-116E-4E75-98AE-3E441186460B}"
EndProject
Project("{FAE04EC0-301F-11D3-BF4B-00C04F79EFBC}") = "Api", "User\Api\Api.csproj", "{BAD51FF6-E6DB-4802-93DC-379885B1F644}"
EndProject
Project("{FAE04EC0-301F-11D3-BF4B-00C04F79EFBC}") = "Protos", "User\Protos\Protos.csproj", "{B040D677-B3CF-4B99-81A2-0E17808EC62C}"
EndProject
Project("{FAE04EC0-301F-11D3-BF4B-00C04F79EFBC}") = "Api.Tests", "User.UnitTests\Api.Tests\Api.Tests.csproj", "{300220E8-2A41-412C-9FC3-11AB5A907D68}"
EndProject
Project("{FAE04EC0-301F-11D3-BF4B-00C04F79EFBC}") = "Infrastructure.Tests", "User.UnitTests\Infrastructure.Tests\Infrastructure.Tests.csproj", "{30491BA2-5A31-46F9-8F62-C12FE52B9F27}"
EndProject
Project("{FAE04EC0-301F-11D3-BF4B-00C04F79EFBC}") = "Domain.Tests", "User.UnitTests\Domain.Tests\Domain.Tests.csproj", "{2D042892-9A2A-454D-A2DB-A02FB882F2A7}"
EndProject
Project("{FAE04EC0-301F-11D3-BF4B-00C04F79EFBC}") = "Application.Tests", "User.UnitTests\Application.Tests\Application.Tests.csproj", "{E13FA683-272A-4237-ADE8-86F66BF7ADBE}"
EndProject
Project("{2150E333-8FDC-42A3-9474-1A3956D46DE8}") = "User", "User", "{8B1F3E0B-92AB-459F-B626-C71EDF27AA33}"
EndProject
Project("{2150E333-8FDC-42A3-9474-1A3956D46DE8}") = "User.UnitTests", "User.UnitTests", "{3528C7AB-4A86-4E3A-B25F-A4E17C7976EA}"
EndProject
Project("{2150E333-8FDC-42A3-9474-1A3956D46DE8}") = "User.IntegrationTests", "User.IntegrationTests", "{2F3BBC5A-D045-42DE-AD73-4FCE30FB097D}"
EndProject
Project("{2150E333-8FDC-42A3-9474-1A3956D46DE8}") = "User.E2ETests", "User.E2ETests", "{0D8398F4-62E9-4428-974F-8BB76F6D9806}"
EndProject
Project("{FAE04EC0-301F-11D3-BF4B-00C04F79EFBC}") = "User.IntegrationTests", "User.IntegrationTests\User.IntegrationTests.csproj", "{57F2DFB7-B485-4D7D-9147-E95494B9241E}"
EndProject
Project("{FAE04EC0-301F-11D3-BF4B-00C04F79EFBC}") = "User.E2ETests", "User.E2ETests\User.E2ETests.csproj", "{7A7B3CD8-2C6A-491A-B6AF-27430EC24567}"
EndProject
Global
	GlobalSection(SolutionConfigurationPlatforms) = preSolution
		Debug|Any CPU = Debug|Any CPU
		Release|Any CPU = Release|Any CPU
	EndGlobalSection
	GlobalSection(ProjectConfigurationPlatforms) = postSolution
		{F6FAC531-AA28-47A4-B254-31381A69C766}.Debug|Any CPU.ActiveCfg = Debug|Any CPU
		{F6FAC531-AA28-47A4-B254-31381A69C766}.Debug|Any CPU.Build.0 = Debug|Any CPU
		{F6FAC531-AA28-47A4-B254-31381A69C766}.Release|Any CPU.ActiveCfg = Release|Any CPU
		{F6FAC531-AA28-47A4-B254-31381A69C766}.Release|Any CPU.Build.0 = Release|Any CPU
		{02B17D6E-09A5-4F9A-A87E-1C4DC174C7B5}.Debug|Any CPU.ActiveCfg = Debug|Any CPU
		{02B17D6E-09A5-4F9A-A87E-1C4DC174C7B5}.Debug|Any CPU.Build.0 = Debug|Any CPU
		{02B17D6E-09A5-4F9A-A87E-1C4DC174C7B5}.Release|Any CPU.ActiveCfg = Release|Any CPU
		{02B17D6E-09A5-4F9A-A87E-1C4DC174C7B5}.Release|Any CPU.Build.0 = Release|Any CPU
		{004C68EF-116E-4E75-98AE-3E441186460B}.Debug|Any CPU.ActiveCfg = Debug|Any CPU
		{004C68EF-116E-4E75-98AE-3E441186460B}.Debug|Any CPU.Build.0 = Debug|Any CPU
		{004C68EF-116E-4E75-98AE-3E441186460B}.Release|Any CPU.ActiveCfg = Release|Any CPU
		{004C68EF-116E-4E75-98AE-3E441186460B}.Release|Any CPU.Build.0 = Release|Any CPU
		{BAD51FF6-E6DB-4802-93DC-379885B1F644}.Debug|Any CPU.ActiveCfg = Debug|Any CPU
		{BAD51FF6-E6DB-4802-93DC-379885B1F644}.Debug|Any CPU.Build.0 = Debug|Any CPU
		{BAD51FF6-E6DB-4802-93DC-379885B1F644}.Release|Any CPU.ActiveCfg = Release|Any CPU
		{BAD51FF6-E6DB-4802-93DC-379885B1F644}.Release|Any CPU.Build.0 = Release|Any CPU
		{B040D677-B3CF-4B99-81A2-0E17808EC62C}.Debug|Any CPU.ActiveCfg = Debug|Any CPU
		{B040D677-B3CF-4B99-81A2-0E17808EC62C}.Debug|Any CPU.Build.0 = Debug|Any CPU
		{B040D677-B3CF-4B99-81A2-0E17808EC62C}.Release|Any CPU.ActiveCfg = Release|Any CPU
		{B040D677-B3CF-4B99-81A2-0E17808EC62C}.Release|Any CPU.Build.0 = Release|Any CPU
		{300220E8-2A41-412C-9FC3-11AB5A907D68}.Debug|Any CPU.ActiveCfg = Debug|Any CPU
		{300220E8-2A41-412C-9FC3-11AB5A907D68}.Debug|Any CPU.Build.0 = Debug|Any CPU
		{300220E8-2A41-412C-9FC3-11AB5A907D68}.Release|Any CPU.ActiveCfg = Release|Any CPU
		{300220E8-2A41-412C-9FC3-11AB5A907D68}.Release|Any CPU.Build.0 = Release|Any CPU
		{30491BA2-5A31-46F9-8F62-C12FE52B9F27}.Debug|Any CPU.ActiveCfg = Debug|Any CPU
		{30491BA2-5A31-46F9-8F62-C12FE52B9F27}.Debug|Any CPU.Build.0 = Debug|Any CPU
		{30491BA2-5A31-46F9-8F62-C12FE52B9F27}.Release|Any CPU.ActiveCfg = Release|Any CPU
		{30491BA2-5A31-46F9-8F62-C12FE52B9F27}.Release|Any CPU.Build.0 = Release|Any CPU
		{2D042892-9A2A-454D-A2DB-A02FB882F2A7}.Debug|Any CPU.ActiveCfg = Debug|Any CPU
		{2D042892-9A2A-454D-A2DB-A02FB882F2A7}.Debug|Any CPU.Build.0 = Debug|Any CPU
		{2D042892-9A2A-454D-A2DB-A02FB882F2A7}.Release|Any CPU.ActiveCfg = Release|Any CPU
		{2D042892-9A2A-454D-A2DB-A02FB882F2A7}.Release|Any CPU.Build.0 = Release|Any CPU
		{E13FA683-272A-4237-ADE8-86F66BF7ADBE}.Debug|Any CPU.ActiveCfg = Debug|Any CPU
		{E13FA683-272A-4237-ADE8-86F66BF7ADBE}.Debug|Any CPU.Build.0 = Debug|Any CPU
		{E13FA683-272A-4237-ADE8-86F66BF7ADBE}.Release|Any CPU.ActiveCfg = Release|Any CPU
		{E13FA683-272A-4237-ADE8-86F66BF7ADBE}.Release|Any CPU.Build.0 = Release|Any CPU
		{57F2DFB7-B485-4D7D-9147-E95494B9241E}.Debug|Any CPU.ActiveCfg = Debug|Any CPU
		{57F2DFB7-B485-4D7D-9147-E95494B9241E}.Debug|Any CPU.Build.0 = Debug|Any CPU
		{57F2DFB7-B485-4D7D-9147-E95494B9241E}.Release|Any CPU.ActiveCfg = Release|Any CPU
		{57F2DFB7-B485-4D7D-9147-E95494B9241E}.Release|Any CPU.Build.0 = Release|Any CPU
		{7A7B3CD8-2C6A-491A-B6AF-27430EC24567}.Debug|Any CPU.ActiveCfg = Debug|Any CPU
		{7A7B3CD8-2C6A-491A-B6AF-27430EC24567}.Debug|Any CPU.Build.0 = Debug|Any CPU
		{7A7B3CD8-2C6A-491A-B6AF-27430EC24567}.Release|Any CPU.ActiveCfg = Release|Any CPU
		{7A7B3CD8-2C6A-491A-B6AF-27430EC24567}.Release|Any CPU.Build.0 = Release|Any CPU
	EndGlobalSection
	GlobalSection(NestedProjects) = preSolution
		{004C68EF-116E-4E75-98AE-3E441186460B} = {8B1F3E0B-92AB-459F-B626-C71EDF27AA33}
		{BAD51FF6-E6DB-4802-93DC-379885B1F644} = {8B1F3E0B-92AB-459F-B626-C71EDF27AA33}
		{F6FAC531-AA28-47A4-B254-31381A69C766} = {8B1F3E0B-92AB-459F-B626-C71EDF27AA33}
		{02B17D6E-09A5-4F9A-A87E-1C4DC174C7B5} = {8B1F3E0B-92AB-459F-B626-C71EDF27AA33}
		{B040D677-B3CF-4B99-81A2-0E17808EC62C} = {8B1F3E0B-92AB-459F-B626-C71EDF27AA33}
		{300220E8-2A41-412C-9FC3-11AB5A907D68} = {3528C7AB-4A86-4E3A-B25F-A4E17C7976EA}
		{E13FA683-272A-4237-ADE8-86F66BF7ADBE} = {3528C7AB-4A86-4E3A-B25F-A4E17C7976EA}
		{2D042892-9A2A-454D-A2DB-A02FB882F2A7} = {3528C7AB-4A86-4E3A-B25F-A4E17C7976EA}
		{30491BA2-5A31-46F9-8F62-C12FE52B9F27} = {3528C7AB-4A86-4E3A-B25F-A4E17C7976EA}
		{57F2DFB7-B485-4D7D-9147-E95494B9241E} = {2F3BBC5A-D045-42DE-AD73-4FCE30FB097D}
		{7A7B3CD8-2C6A-491A-B6AF-27430EC24567} = {0D8398F4-62E9-4428-974F-8BB76F6D9806}
	EndGlobalSection
EndGlobal
